
Microsoft Visual Studio Solution File, Format Version 12.00
# Visual Studio 14
VisualStudioVersion = 14.0.25123.0
MinimumVisualStudioVersion = 10.0.40219.1
Project("{FAE04EC0-301F-11D3-BF4B-00C04F79EFBC}") = "ShopWebsite.Web", "ShopWebsite.Web\ShopWebsite.Web.csproj", "{CC8C1F19-F642-4279-9245-27080D35F57D}"
EndProject
Project("{FAE04EC0-301F-11D3-BF4B-00C04F79EFBC}") = "ShopWebsite.Tests", "ShopWebsite.Tests\ShopWebsite.Tests.csproj", "{EDE58868-9144-4314-8674-BB2A66334787}"
EndProject
Project("{FAE04EC0-301F-11D3-BF4B-00C04F79EFBC}") = "ShopWebsite.Data", "ShopWebsite.Data\ShopWebsite.Data.csproj", "{39E92048-CCA4-4F33-821A-C189D5E96610}"
EndProject
Project("{FAE04EC0-301F-11D3-BF4B-00C04F79EFBC}") = "ShopWebsite.Model", "ShopWebsite.Model\ShopWebsite.Model.csproj", "{EEB3C584-F30A-4ABC-9E2B-15290C338312}"
EndProject
Global
	GlobalSection(SolutionConfigurationPlatforms) = preSolution
		Debug|Any CPU = Debug|Any CPU
		Release|Any CPU = Release|Any CPU
	EndGlobalSection
	GlobalSection(ProjectConfigurationPlatforms) = postSolution
		{CC8C1F19-F642-4279-9245-27080D35F57D}.Debug|Any CPU.ActiveCfg = Debug|Any CPU
		{CC8C1F19-F642-4279-9245-27080D35F57D}.Debug|Any CPU.Build.0 = Debug|Any CPU
		{CC8C1F19-F642-4279-9245-27080D35F57D}.Release|Any CPU.ActiveCfg = Release|Any CPU
		{CC8C1F19-F642-4279-9245-27080D35F57D}.Release|Any CPU.Build.0 = Release|Any CPU
		{EDE58868-9144-4314-8674-BB2A66334787}.Debug|Any CPU.ActiveCfg = Debug|Any CPU
		{EDE58868-9144-4314-8674-BB2A66334787}.Debug|Any CPU.Build.0 = Debug|Any CPU
		{EDE58868-9144-4314-8674-BB2A66334787}.Release|Any CPU.ActiveCfg = Release|Any CPU
		{EDE58868-9144-4314-8674-BB2A66334787}.Release|Any CPU.Build.0 = Release|Any CPU
		{39E92048-CCA4-4F33-821A-C189D5E96610}.Debug|Any CPU.ActiveCfg = Debug|Any CPU
		{39E92048-CCA4-4F33-821A-C189D5E96610}.Debug|Any CPU.Build.0 = Debug|Any CPU
		{39E92048-CCA4-4F33-821A-C189D5E96610}.Release|Any CPU.ActiveCfg = Release|Any CPU
		{39E92048-CCA4-4F33-821A-C189D5E96610}.Release|Any CPU.Build.0 = Release|Any CPU
		{EEB3C584-F30A-4ABC-9E2B-15290C338312}.Debug|Any CPU.ActiveCfg = Debug|Any CPU
		{EEB3C584-F30A-4ABC-9E2B-15290C338312}.Debug|Any CPU.Build.0 = Debug|Any CPU
		{EEB3C584-F30A-4ABC-9E2B-15290C338312}.Release|Any CPU.ActiveCfg = Release|Any CPU
		{EEB3C584-F30A-4ABC-9E2B-15290C338312}.Release|Any CPU.Build.0 = Release|Any CPU
	EndGlobalSection
	GlobalSection(SolutionProperties) = preSolution
		HideSolutionNode = FALSE
	EndGlobalSection
EndGlobal
